// !$*UTF8*$!
{
	archiveVersion = 1;
	classes = {
	};
	objectVersion = 50;
	objects = {

/* Begin PBXBuildFile section */
		C03C4EEE24F950A400475B4D /* AppDelegate.swift in Sources */ = {isa = PBXBuildFile; fileRef = C03C4EED24F950A400475B4D /* AppDelegate.swift */; };
		C03C4EF024F950A400475B4D /* SceneDelegate.swift in Sources */ = {isa = PBXBuildFile; fileRef = C03C4EEF24F950A400475B4D /* SceneDelegate.swift */; };
		C03C4EF724F950AA00475B4D /* Assets.xcassets in Resources */ = {isa = PBXBuildFile; fileRef = C03C4EF624F950AA00475B4D /* Assets.xcassets */; };
		C03C4EFA24F950AA00475B4D /* LaunchScreen.storyboard in Resources */ = {isa = PBXBuildFile; fileRef = C03C4EF824F950AA00475B4D /* LaunchScreen.storyboard */; };
		C03C4F0824F951FC00475B4D /* Feed.swift in Sources */ = {isa = PBXBuildFile; fileRef = C03C4F0724F951FC00475B4D /* Feed.swift */; };
		C03C4F0A24F9528B00475B4D /* DataParser.swift in Sources */ = {isa = PBXBuildFile; fileRef = C03C4F0924F9528B00475B4D /* DataParser.swift */; };
		C03C4F0C24F952A800475B4D /* Album.swift in Sources */ = {isa = PBXBuildFile; fileRef = C03C4F0B24F952A800475B4D /* Album.swift */; };
		C03C4F0E24F952DC00475B4D /* AlbumData.swift in Sources */ = {isa = PBXBuildFile; fileRef = C03C4F0D24F952DC00475B4D /* AlbumData.swift */; };
		C03C4F1024F952F800475B4D /* NeworkError.swift in Sources */ = {isa = PBXBuildFile; fileRef = C03C4F0F24F952F800475B4D /* NeworkError.swift */; };
		C03C4F1224F9536C00475B4D /* NetworkService.swift in Sources */ = {isa = PBXBuildFile; fileRef = C03C4F1124F9536C00475B4D /* NetworkService.swift */; };
		C03C4F1424F953E600475B4D /* UIView.swift in Sources */ = {isa = PBXBuildFile; fileRef = C03C4F1324F953E600475B4D /* UIView.swift */; };
		C03C4F1624F9557C00475B4D /* AlbumViewModel.swift in Sources */ = {isa = PBXBuildFile; fileRef = C03C4F1524F9557C00475B4D /* AlbumViewModel.swift */; };
		C03C4F1824F955CE00475B4D /* AlbumCell.swift in Sources */ = {isa = PBXBuildFile; fileRef = C03C4F1724F955CE00475B4D /* AlbumCell.swift */; };
		C03C4F1A24F956BD00475B4D /* Details.swift in Sources */ = {isa = PBXBuildFile; fileRef = C03C4F1924F956BD00475B4D /* Details.swift */; };
		C03C4F2A24F9588400475B4D /* NetworkingTest.swift in Sources */ = {isa = PBXBuildFile; fileRef = C03C4F2924F9588400475B4D /* NetworkingTest.swift */; };
		C03C4F2C24F9593900475B4D /* AlbumViewModelTest.swift in Sources */ = {isa = PBXBuildFile; fileRef = C03C4F2B24F9593900475B4D /* AlbumViewModelTest.swift */; };
		C03C4F2E24F959A800475B4D /* ParserTest.swift in Sources */ = {isa = PBXBuildFile; fileRef = C03C4F2D24F959A800475B4D /* ParserTest.swift */; };
/* End PBXBuildFile section */

/* Begin PBXContainerItemProxy section */
		C03C4F2424F957E400475B4D /* PBXContainerItemProxy */ = {
			isa = PBXContainerItemProxy;
			containerPortal = C03C4EE224F950A300475B4D /* Project object */;
			proxyType = 1;
			remoteGlobalIDString = C03C4EE924F950A300475B4D;
			remoteInfo = NikeTop100;
		};
/* End PBXContainerItemProxy section */

/* Begin PBXFileReference section */
		C03C4EEA24F950A400475B4D /* NikeTop100.app */ = {isa = PBXFileReference; explicitFileType = wrapper.application; includeInIndex = 0; path = NikeTop100.app; sourceTree = BUILT_PRODUCTS_DIR; };
		C03C4EED24F950A400475B4D /* AppDelegate.swift */ = {isa = PBXFileReference; lastKnownFileType = sourcecode.swift; path = AppDelegate.swift; sourceTree = "<group>"; };
		C03C4EEF24F950A400475B4D /* SceneDelegate.swift */ = {isa = PBXFileReference; lastKnownFileType = sourcecode.swift; path = SceneDelegate.swift; sourceTree = "<group>"; };
		C03C4EF624F950AA00475B4D /* Assets.xcassets */ = {isa = PBXFileReference; lastKnownFileType = folder.assetcatalog; path = Assets.xcassets; sourceTree = "<group>"; };
		C03C4EF924F950AA00475B4D /* Base */ = {isa = PBXFileReference; lastKnownFileType = file.storyboard; name = Base; path = Base.lproj/LaunchScreen.storyboard; sourceTree = "<group>"; };
		C03C4EFB24F950AA00475B4D /* Info.plist */ = {isa = PBXFileReference; lastKnownFileType = text.plist.xml; path = Info.plist; sourceTree = "<group>"; };
		C03C4F0724F951FC00475B4D /* Feed.swift */ = {isa = PBXFileReference; lastKnownFileType = sourcecode.swift; path = Feed.swift; sourceTree = "<group>"; };
		C03C4F0924F9528B00475B4D /* DataParser.swift */ = {isa = PBXFileReference; lastKnownFileType = sourcecode.swift; path = DataParser.swift; sourceTree = "<group>"; };
		C03C4F0B24F952A800475B4D /* Album.swift */ = {isa = PBXFileReference; lastKnownFileType = sourcecode.swift; path = Album.swift; sourceTree = "<group>"; };
		C03C4F0D24F952DC00475B4D /* AlbumData.swift */ = {isa = PBXFileReference; lastKnownFileType = sourcecode.swift; path = AlbumData.swift; sourceTree = "<group>"; };
		C03C4F0F24F952F800475B4D /* NeworkError.swift */ = {isa = PBXFileReference; lastKnownFileType = sourcecode.swift; path = NeworkError.swift; sourceTree = "<group>"; };
		C03C4F1124F9536C00475B4D /* NetworkService.swift */ = {isa = PBXFileReference; lastKnownFileType = sourcecode.swift; path = NetworkService.swift; sourceTree = "<group>"; };
		C03C4F1324F953E600475B4D /* UIView.swift */ = {isa = PBXFileReference; lastKnownFileType = sourcecode.swift; path = UIView.swift; sourceTree = "<group>"; };
		C03C4F1524F9557C00475B4D /* AlbumViewModel.swift */ = {isa = PBXFileReference; lastKnownFileType = sourcecode.swift; path = AlbumViewModel.swift; sourceTree = "<group>"; };
		C03C4F1724F955CE00475B4D /* AlbumCell.swift */ = {isa = PBXFileReference; lastKnownFileType = sourcecode.swift; path = AlbumCell.swift; sourceTree = "<group>"; };
		C03C4F1924F956BD00475B4D /* Details.swift */ = {isa = PBXFileReference; lastKnownFileType = sourcecode.swift; path = Details.swift; sourceTree = "<group>"; };
		C03C4F1F24F957E400475B4D /* NikeTop100Tests.xctest */ = {isa = PBXFileReference; explicitFileType = wrapper.cfbundle; includeInIndex = 0; path = NikeTop100Tests.xctest; sourceTree = BUILT_PRODUCTS_DIR; };
		C03C4F2324F957E400475B4D /* Info.plist */ = {isa = PBXFileReference; lastKnownFileType = text.plist.xml; path = Info.plist; sourceTree = "<group>"; };
		C03C4F2924F9588400475B4D /* NetworkingTest.swift */ = {isa = PBXFileReference; lastKnownFileType = sourcecode.swift; path = NetworkingTest.swift; sourceTree = "<group>"; };
		C03C4F2B24F9593900475B4D /* AlbumViewModelTest.swift */ = {isa = PBXFileReference; lastKnownFileType = sourcecode.swift; path = AlbumViewModelTest.swift; sourceTree = "<group>"; };
		C03C4F2D24F959A800475B4D /* ParserTest.swift */ = {isa = PBXFileReference; lastKnownFileType = sourcecode.swift; path = ParserTest.swift; sourceTree = "<group>"; };
/* End PBXFileReference section */

/* Begin PBXFrameworksBuildPhase section */
		C03C4EE724F950A300475B4D /* Frameworks */ = {
			isa = PBXFrameworksBuildPhase;
			buildActionMask = 2147483647;
			files = (
			);
			runOnlyForDeploymentPostprocessing = 0;
		};
		C03C4F1C24F957E400475B4D /* Frameworks */ = {
			isa = PBXFrameworksBuildPhase;
			buildActionMask = 2147483647;
			files = (
			);
			runOnlyForDeploymentPostprocessing = 0;
		};
/* End PBXFrameworksBuildPhase section */

/* Begin PBXGroup section */
		C03C4EE124F950A300475B4D = {
			isa = PBXGroup;
			children = (
				C03C4EEC24F950A400475B4D /* NikeTop100 */,
				C03C4F2024F957E400475B4D /* NikeTop100Tests */,
				C03C4EEB24F950A400475B4D /* Products */,
			);
			sourceTree = "<group>";
		};
		C03C4EEB24F950A400475B4D /* Products */ = {
			isa = PBXGroup;
			children = (
				C03C4EEA24F950A400475B4D /* NikeTop100.app */,
				C03C4F1F24F957E400475B4D /* NikeTop100Tests.xctest */,
			);
			name = Products;
			sourceTree = "<group>";
		};
		C03C4EEC24F950A400475B4D /* NikeTop100 */ = {
			isa = PBXGroup;
			children = (
				C03C4EED24F950A400475B4D /* AppDelegate.swift */,
				C03C4EEF24F950A400475B4D /* SceneDelegate.swift */,
				C03C4F0624F951F000475B4D /* Model */,
				C03C4F0524F951EA00475B4D /* Views */,
				C03C4F0424F951E100475B4D /* ViewModel */,
				C03C4F0324F951C900475B4D /* Controllers */,
				C03C4F0224F951C600475B4D /* API */,
				C03C4F0124F951BD00475B4D /* Extensions */,
				C03C4EF624F950AA00475B4D /* Assets.xcassets */,
				C03C4EF824F950AA00475B4D /* LaunchScreen.storyboard */,
				C03C4EFB24F950AA00475B4D /* Info.plist */,
			);
			path = NikeTop100;
			sourceTree = "<group>";
		};
		C03C4F0124F951BD00475B4D /* Extensions */ = {
			isa = PBXGroup;
			children = (
				C03C4F1324F953E600475B4D /* UIView.swift */,
			);
			path = Extensions;
			sourceTree = "<group>";
		};
		C03C4F0224F951C600475B4D /* API */ = {
			isa = PBXGroup;
			children = (
				C03C4F0924F9528B00475B4D /* DataParser.swift */,
				C03C4F1124F9536C00475B4D /* NetworkService.swift */,
			);
			path = API;
			sourceTree = "<group>";
		};
		C03C4F0324F951C900475B4D /* Controllers */ = {
			isa = PBXGroup;
			children = (
				C03C4F0724F951FC00475B4D /* Feed.swift */,
				C03C4F1924F956BD00475B4D /* Details.swift */,
			);
			path = Controllers;
			sourceTree = "<group>";
		};
		C03C4F0424F951E100475B4D /* ViewModel */ = {
			isa = PBXGroup;
			children = (
				C03C4F1524F9557C00475B4D /* AlbumViewModel.swift */,
			);
			path = ViewModel;
			sourceTree = "<group>";
		};
		C03C4F0524F951EA00475B4D /* Views */ = {
			isa = PBXGroup;
			children = (
				C03C4F1724F955CE00475B4D /* AlbumCell.swift */,
			);
			path = Views;
			sourceTree = "<group>";
		};
		C03C4F0624F951F000475B4D /* Model */ = {
			isa = PBXGroup;
			children = (
				C03C4F0B24F952A800475B4D /* Album.swift */,
				C03C4F0D24F952DC00475B4D /* AlbumData.swift */,
				C03C4F0F24F952F800475B4D /* NeworkError.swift */,
			);
			path = Model;
			sourceTree = "<group>";
		};
		C03C4F2024F957E400475B4D /* NikeTop100Tests */ = {
			isa = PBXGroup;
			children = (
				C03C4F2924F9588400475B4D /* NetworkingTest.swift */,
				C03C4F2B24F9593900475B4D /* AlbumViewModelTest.swift */,
				C03C4F2D24F959A800475B4D /* ParserTest.swift */,
				C03C4F2324F957E400475B4D /* Info.plist */,
			);
			path = NikeTop100Tests;
			sourceTree = "<group>";
		};
/* End PBXGroup section */

/* Begin PBXNativeTarget section */
		C03C4EE924F950A300475B4D /* NikeTop100 */ = {
			isa = PBXNativeTarget;
			buildConfigurationList = C03C4EFE24F950AA00475B4D /* Build configuration list for PBXNativeTarget "NikeTop100" */;
			buildPhases = (
				C03C4EE624F950A300475B4D /* Sources */,
				C03C4EE724F950A300475B4D /* Frameworks */,
				C03C4EE824F950A300475B4D /* Resources */,
			);
			buildRules = (
			);
			dependencies = (
			);
			name = NikeTop100;
			productName = NikeTop100;
			productReference = C03C4EEA24F950A400475B4D /* NikeTop100.app */;
			productType = "com.apple.product-type.application";
		};
		C03C4F1E24F957E400475B4D /* NikeTop100Tests */ = {
			isa = PBXNativeTarget;
			buildConfigurationList = C03C4F2624F957E400475B4D /* Build configuration list for PBXNativeTarget "NikeTop100Tests" */;
			buildPhases = (
				C03C4F1B24F957E400475B4D /* Sources */,
				C03C4F1C24F957E400475B4D /* Frameworks */,
				C03C4F1D24F957E400475B4D /* Resources */,
			);
			buildRules = (
			);
			dependencies = (
				C03C4F2524F957E400475B4D /* PBXTargetDependency */,
			);
			name = NikeTop100Tests;
			productName = NikeTop100Tests;
			productReference = C03C4F1F24F957E400475B4D /* NikeTop100Tests.xctest */;
			productType = "com.apple.product-type.bundle.unit-test";
		};
/* End PBXNativeTarget section */

/* Begin PBXProject section */
		C03C4EE224F950A300475B4D /* Project object */ = {
			isa = PBXProject;
			attributes = {
				LastSwiftUpdateCheck = 1140;
				LastUpgradeCheck = 1140;
				ORGANIZATIONNAME = "Abdul Diallo";
				TargetAttributes = {
					C03C4EE924F950A300475B4D = {
						CreatedOnToolsVersion = 11.4.1;
					};
					C03C4F1E24F957E400475B4D = {
						CreatedOnToolsVersion = 11.4.1;
						TestTargetID = C03C4EE924F950A300475B4D;
					};
				};
			};
			buildConfigurationList = C03C4EE524F950A300475B4D /* Build configuration list for PBXProject "NikeTop100" */;
			compatibilityVersion = "Xcode 9.3";
			developmentRegion = en;
			hasScannedForEncodings = 0;
			knownRegions = (
				en,
				Base,
			);
			mainGroup = C03C4EE124F950A300475B4D;
			productRefGroup = C03C4EEB24F950A400475B4D /* Products */;
			projectDirPath = "";
			projectRoot = "";
			targets = (
				C03C4EE924F950A300475B4D /* NikeTop100 */,
				C03C4F1E24F957E400475B4D /* NikeTop100Tests */,
			);
		};
/* End PBXProject section */

/* Begin PBXResourcesBuildPhase section */
		C03C4EE824F950A300475B4D /* Resources */ = {
			isa = PBXResourcesBuildPhase;
			buildActionMask = 2147483647;
			files = (
				C03C4EFA24F950AA00475B4D /* LaunchScreen.storyboard in Resources */,
				C03C4EF724F950AA00475B4D /* Assets.xcassets in Resources */,
			);
			runOnlyForDeploymentPostprocessing = 0;
		};
		C03C4F1D24F957E400475B4D /* Resources */ = {
			isa = PBXResourcesBuildPhase;
			buildActionMask = 2147483647;
			files = (
			);
			runOnlyForDeploymentPostprocessing = 0;
		};
/* End PBXResourcesBuildPhase section */

/* Begin PBXSourcesBuildPhase section */
		C03C4EE624F950A300475B4D /* Sources */ = {
			isa = PBXSourcesBuildPhase;
			buildActionMask = 2147483647;
			files = (
				C03C4EEE24F950A400475B4D /* AppDelegate.swift in Sources */,
				C03C4F0824F951FC00475B4D /* Feed.swift in Sources */,
				C03C4F1A24F956BD00475B4D /* Details.swift in Sources */,
				C03C4F1224F9536C00475B4D /* NetworkService.swift in Sources */,
				C03C4F0A24F9528B00475B4D /* DataParser.swift in Sources */,
				C03C4F1024F952F800475B4D /* NeworkError.swift in Sources */,
				C03C4EF024F950A400475B4D /* SceneDelegate.swift in Sources */,
				C03C4F0C24F952A800475B4D /* Album.swift in Sources */,
				C03C4F1424F953E600475B4D /* UIView.swift in Sources */,
				C03C4F1624F9557C00475B4D /* AlbumViewModel.swift in Sources */,
				C03C4F1824F955CE00475B4D /* AlbumCell.swift in Sources */,
				C03C4F0E24F952DC00475B4D /* AlbumData.swift in Sources */,
			);
			runOnlyForDeploymentPostprocessing = 0;
		};
		C03C4F1B24F957E400475B4D /* Sources */ = {
			isa = PBXSourcesBuildPhase;
			buildActionMask = 2147483647;
			files = (
				C03C4F2C24F9593900475B4D /* AlbumViewModelTest.swift in Sources */,
				C03C4F2A24F9588400475B4D /* NetworkingTest.swift in Sources */,
				C03C4F2E24F959A800475B4D /* ParserTest.swift in Sources */,
			);
			runOnlyForDeploymentPostprocessing = 0;
		};
/* End PBXSourcesBuildPhase section */

/* Begin PBXTargetDependency section */
		C03C4F2524F957E400475B4D /* PBXTargetDependency */ = {
			isa = PBXTargetDependency;
			target = C03C4EE924F950A300475B4D /* NikeTop100 */;
			targetProxy = C03C4F2424F957E400475B4D /* PBXContainerItemProxy */;
		};
/* End PBXTargetDependency section */

/* Begin PBXVariantGroup section */
		C03C4EF824F950AA00475B4D /* LaunchScreen.storyboard */ = {
			isa = PBXVariantGroup;
			children = (
				C03C4EF924F950AA00475B4D /* Base */,
			);
			name = LaunchScreen.storyboard;
			sourceTree = "<group>";
		};
/* End PBXVariantGroup section */

/* Begin XCBuildConfiguration section */
		C03C4EFC24F950AA00475B4D /* Debug */ = {
			isa = XCBuildConfiguration;
			buildSettings = {
				ALWAYS_SEARCH_USER_PATHS = NO;
				CLANG_ANALYZER_NONNULL = YES;
				CLANG_ANALYZER_NUMBER_OBJECT_CONVERSION = YES_AGGRESSIVE;
				CLANG_CXX_LANGUAGE_STANDARD = "gnu++14";
				CLANG_CXX_LIBRARY = "libc++";
				CLANG_ENABLE_MODULES = YES;
				CLANG_ENABLE_OBJC_ARC = YES;
				CLANG_ENABLE_OBJC_WEAK = YES;
				CLANG_WARN_BLOCK_CAPTURE_AUTORELEASING = YES;
				CLANG_WARN_BOOL_CONVERSION = YES;
				CLANG_WARN_COMMA = YES;
				CLANG_WARN_CONSTANT_CONVERSION = YES;
				CLANG_WARN_DEPRECATED_OBJC_IMPLEMENTATIONS = YES;
				CLANG_WARN_DIRECT_OBJC_ISA_USAGE = YES_ERROR;
				CLANG_WARN_DOCUMENTATION_COMMENTS = YES;
				CLANG_WARN_EMPTY_BODY = YES;
				CLANG_WARN_ENUM_CONVERSION = YES;
				CLANG_WARN_INFINITE_RECURSION = YES;
				CLANG_WARN_INT_CONVERSION = YES;
				CLANG_WARN_NON_LITERAL_NULL_CONVERSION = YES;
				CLANG_WARN_OBJC_IMPLICIT_RETAIN_SELF = YES;
				CLANG_WARN_OBJC_LITERAL_CONVERSION = YES;
				CLANG_WARN_OBJC_ROOT_CLASS = YES_ERROR;
				CLANG_WARN_RANGE_LOOP_ANALYSIS = YES;
				CLANG_WARN_STRICT_PROTOTYPES = YES;
				CLANG_WARN_SUSPICIOUS_MOVE = YES;
				CLANG_WARN_UNGUARDED_AVAILABILITY = YES_AGGRESSIVE;
				CLANG_WARN_UNREACHABLE_CODE = YES;
				CLANG_WARN__DUPLICATE_METHOD_MATCH = YES;
				COPY_PHASE_STRIP = NO;
				DEBUG_INFORMATION_FORMAT = dwarf;
				ENABLE_STRICT_OBJC_MSGSEND = YES;
				ENABLE_TESTABILITY = YES;
				GCC_C_LANGUAGE_STANDARD = gnu11;
				GCC_DYNAMIC_NO_PIC = NO;
				GCC_NO_COMMON_BLOCKS = YES;
				GCC_OPTIMIZATION_LEVEL = 0;
				GCC_PREPROCESSOR_DEFINITIONS = (
					"DEBUG=1",
					"$(inherited)",
				);
				GCC_WARN_64_TO_32_BIT_CONVERSION = YES;
				GCC_WARN_ABOUT_RETURN_TYPE = YES_ERROR;
				GCC_WARN_UNDECLARED_SELECTOR = YES;
				GCC_WARN_UNINITIALIZED_AUTOS = YES_AGGRESSIVE;
				GCC_WARN_UNUSED_FUNCTION = YES;
				GCC_WARN_UNUSED_VARIABLE = YES;
				IPHONEOS_DEPLOYMENT_TARGET = 13.4;
				MTL_ENABLE_DEBUG_INFO = INCLUDE_SOURCE;
				MTL_FAST_MATH = YES;
				ONLY_ACTIVE_ARCH = YES;
				SDKROOT = iphoneos;
				SWIFT_ACTIVE_COMPILATION_CONDITIONS = DEBUG;
				SWIFT_OPTIMIZATION_LEVEL = "-Onone";
			};
			name = Debug;
		};
		C03C4EFD24F950AA00475B4D /* Release */ = {
			isa = XCBuildConfiguration;
			buildSettings = {
				ALWAYS_SEARCH_USER_PATHS = NO;
				CLANG_ANALYZER_NONNULL = YES;
				CLANG_ANALYZER_NUMBER_OBJECT_CONVERSION = YES_AGGRESSIVE;
				CLANG_CXX_LANGUAGE_STANDARD = "gnu++14";
				CLANG_CXX_LIBRARY = "libc++";
				CLANG_ENABLE_MODULES = YES;
				CLANG_ENABLE_OBJC_ARC = YES;
				CLANG_ENABLE_OBJC_WEAK = YES;
				CLANG_WARN_BLOCK_CAPTURE_AUTORELEASING = YES;
				CLANG_WARN_BOOL_CONVERSION = YES;
				CLANG_WARN_COMMA = YES;
				CLANG_WARN_CONSTANT_CONVERSION = YES;
				CLANG_WARN_DEPRECATED_OBJC_IMPLEMENTATIONS = YES;
				CLANG_WARN_DIRECT_OBJC_ISA_USAGE = YES_ERROR;
				CLANG_WARN_DOCUMENTATION_COMMENTS = YES;
				CLANG_WARN_EMPTY_BODY = YES;
				CLANG_WARN_ENUM_CONVERSION = YES;
				CLANG_WARN_INFINITE_RECURSION = YES;
				CLANG_WARN_INT_CONVERSION = YES;
				CLANG_WARN_NON_LITERAL_NULL_CONVERSION = YES;
				CLANG_WARN_OBJC_IMPLICIT_RETAIN_SELF = YES;
				CLANG_WARN_OBJC_LITERAL_CONVERSION = YES;
				CLANG_WARN_OBJC_ROOT_CLASS = YES_ERROR;
				CLANG_WARN_RANGE_LOOP_ANALYSIS = YES;
				CLANG_WARN_STRICT_PROTOTYPES = YES;
				CLANG_WARN_SUSPICIOUS_MOVE = YES;
				CLANG_WARN_UNGUARDED_AVAILABILITY = YES_AGGRESSIVE;
				CLANG_WARN_UNREACHABLE_CODE = YES;
				CLANG_WARN__DUPLICATE_METHOD_MATCH = YES;
				COPY_PHASE_STRIP = NO;
				DEBUG_INFORMATION_FORMAT = "dwarf-with-dsym";
				ENABLE_NS_ASSERTIONS = NO;
				ENABLE_STRICT_OBJC_MSGSEND = YES;
				GCC_C_LANGUAGE_STANDARD = gnu11;
				GCC_NO_COMMON_BLOCKS = YES;
				GCC_WARN_64_TO_32_BIT_CONVERSION = YES;
				GCC_WARN_ABOUT_RETURN_TYPE = YES_ERROR;
				GCC_WARN_UNDECLARED_SELECTOR = YES;
				GCC_WARN_UNINITIALIZED_AUTOS = YES_AGGRESSIVE;
				GCC_WARN_UNUSED_FUNCTION = YES;
				GCC_WARN_UNUSED_VARIABLE = YES;
				IPHONEOS_DEPLOYMENT_TARGET = 13.4;
				MTL_ENABLE_DEBUG_INFO = NO;
				MTL_FAST_MATH = YES;
				SDKROOT = iphoneos;
				SWIFT_COMPILATION_MODE = wholemodule;
				SWIFT_OPTIMIZATION_LEVEL = "-O";
				VALIDATE_PRODUCT = YES;
			};
			name = Release;
		};
		C03C4EFF24F950AA00475B4D /* Debug */ = {
			isa = XCBuildConfiguration;
			buildSettings = {
				ASSETCATALOG_COMPILER_APPICON_NAME = AppIcon;
				CODE_SIGN_STYLE = Automatic;
				DEVELOPMENT_TEAM = ZNY957A2G6;
				INFOPLIST_FILE = NikeTop100/Info.plist;
				LD_RUNPATH_SEARCH_PATHS = (
					"$(inherited)",
					"@executable_path/Frameworks",
				);
				PRODUCT_BUNDLE_IDENTIFIER = abdulCo.NikeTop100;
				PRODUCT_NAME = "$(TARGET_NAME)";
				SWIFT_VERSION = 5.0;
				TARGETED_DEVICE_FAMILY = "1,2";
			};
			name = Debug;
		};
		C03C4F0024F950AA00475B4D /* Release */ = {
			isa = XCBuildConfiguration;
			buildSettings = {
				ASSETCATALOG_COMPILER_APPICON_NAME = AppIcon;
				CODE_SIGN_STYLE = Automatic;
				DEVELOPMENT_TEAM = ZNY957A2G6;
				INFOPLIST_FILE = NikeTop100/Info.plist;
				LD_RUNPATH_SEARCH_PATHS = (
					"$(inherited)",
					"@executable_path/Frameworks",
				);
				PRODUCT_BUNDLE_IDENTIFIER = abdulCo.NikeTop100;
				PRODUCT_NAME = "$(TARGET_NAME)";
				SWIFT_VERSION = 5.0;
				TARGETED_DEVICE_FAMILY = "1,2";
			};
			name = Release;
		};
		C03C4F2724F957E400475B4D /* Debug */ = {
			isa = XCBuildConfiguration;
			buildSettings = {
				BUNDLE_LOADER = "$(TEST_HOST)";
				CODE_SIGN_STYLE = Automatic;
				DEVELOPMENT_TEAM = ZNY957A2G6;
				INFOPLIST_FILE = NikeTop100Tests/Info.plist;
				LD_RUNPATH_SEARCH_PATHS = (
					"$(inherited)",
					"@executable_path/Frameworks",
					"@loader_path/Frameworks",
				);
				PRODUCT_BUNDLE_IDENTIFIER = abdulCo.NikeTop100Tests;
				PRODUCT_NAME = "$(TARGET_NAME)";
				SWIFT_VERSION = 5.0;
				TARGETED_DEVICE_FAMILY = "1,2";
				TEST_HOST = "$(BUILT_PRODUCTS_DIR)/NikeTop100.app/NikeTop100";
			};
			name = Debug;
		};
		C03C4F2824F957E400475B4D /* Release */ = {
			isa = XCBuildConfiguration;
			buildSettings = {
				BUNDLE_LOADER = "$(TEST_HOST)";
				CODE_SIGN_STYLE = Automatic;
				DEVELOPMENT_TEAM = ZNY957A2G6;
				INFOPLIST_FILE = NikeTop100Tests/Info.plist;
				LD_RUNPATH_SEARCH_PATHS = (
					"$(inherited)",
					"@executable_path/Frameworks",
					"@loader_path/Frameworks",
				);
				PRODUCT_BUNDLE_IDENTIFIER = abdulCo.NikeTop100Tests;
				PRODUCT_NAME = "$(TARGET_NAME)";
				SWIFT_VERSION = 5.0;
				TARGETED_DEVICE_FAMILY = "1,2";
				TEST_HOST = "$(BUILT_PRODUCTS_DIR)/NikeTop100.app/NikeTop100";
			};
			name = Release;
		};
/* End XCBuildConfiguration section */

/* Begin XCConfigurationList section */
		C03C4EE524F950A300475B4D /* Build configuration list for PBXProject "NikeTop100" */ = {
			isa = XCConfigurationList;
			buildConfigurations = (
				C03C4EFC24F950AA00475B4D /* Debug */,
				C03C4EFD24F950AA00475B4D /* Release */,
			);
			defaultConfigurationIsVisible = 0;
			defaultConfigurationName = Release;
		};
		C03C4EFE24F950AA00475B4D /* Build configuration list for PBXNativeTarget "NikeTop100" */ = {
			isa = XCConfigurationList;
			buildConfigurations = (
				C03C4EFF24F950AA00475B4D /* Debug */,
				C03C4F0024F950AA00475B4D /* Release */,
			);
			defaultConfigurationIsVisible = 0;
			defaultConfigurationName = Release;
		};
		C03C4F2624F957E400475B4D /* Build configuration list for PBXNativeTarget "NikeTop100Tests" */ = {
			isa = XCConfigurationList;
			buildConfigurations = (
				C03C4F2724F957E400475B4D /* Debug */,
				C03C4F2824F957E400475B4D /* Release */,
			);
			defaultConfigurationIsVisible = 0;
			defaultConfigurationName = Release;
		};
/* End XCConfigurationList section */
	};
	rootObject = C03C4EE224F950A300475B4D /* Project object */;
}
